
Microsoft Visual Studio Solution File, Format Version 12.00
# Visual Studio Version 16
VisualStudioVersion = 16.0.30804.86
MinimumVisualStudioVersion = 10.0.40219.1
Project("{FAE04EC0-301F-11D3-BF4B-00C04F79EFBC}") = "EPOS_API", "EPOS_API.csproj", "{63BCBB08-56BA-4BF6-A2E5-5977D8BA4B56}"
EndProject
Global
	GlobalSection(SolutionConfigurationPlatforms) = preSolution
		Debug|Any CPU = Debug|Any CPU
		Release|Any CPU = Release|Any CPU
	EndGlobalSection
	GlobalSection(ProjectConfigurationPlatforms) = postSolution
		{63BCBB08-56BA-4BF6-A2E5-5977D8BA4B56}.Debug|Any CPU.ActiveCfg = Debug|Any CPU
		{63BCBB08-56BA-4BF6-A2E5-5977D8BA4B56}.Debug|Any CPU.Build.0 = Debug|Any CPU
		{63BCBB08-56BA-4BF6-A2E5-5977D8BA4B56}.Release|Any CPU.ActiveCfg = Release|Any CPU
		{63BCBB08-56BA-4BF6-A2E5-5977D8BA4B56}.Release|Any CPU.Build.0 = Release|Any CPU
	EndGlobalSection
	GlobalSection(SolutionProperties) = preSolution
		HideSolutionNode = FALSE
	EndGlobalSection
	GlobalSection(ExtensibilityGlobals) = postSolution
		SolutionGuid = {1C1581C1-FCD1-4FF0-9763-9367EA8907F8}
	EndGlobalSection
EndGlobal
